// !$*UTF8*$!
{
	archiveVersion = 1;
	classes = {
	};
	objectVersion = 46;
	objects = {

/* Begin PBXBuildFile section */
		84586C001AC26179003CF7E0 /* main.m in Sources */ = {isa = PBXBuildFile; fileRef = 84586BFF1AC26179003CF7E0 /* main.m */; };
		84586C031AC26179003CF7E0 /* AppDelegate.m in Sources */ = {isa = PBXBuildFile; fileRef = 84586C021AC26179003CF7E0 /* AppDelegate.m */; };
		84586C061AC26179003CF7E0 /* KVCandKVO.xcdatamodeld in Sources */ = {isa = PBXBuildFile; fileRef = 84586C041AC26179003CF7E0 /* KVCandKVO.xcdatamodeld */; };
		84586C0B1AC26179003CF7E0 /* Images.xcassets in Resources */ = {isa = PBXBuildFile; fileRef = 84586C0A1AC26179003CF7E0 /* Images.xcassets */; };
		84586C0E1AC26179003CF7E0 /* LaunchScreen.xib in Resources */ = {isa = PBXBuildFile; fileRef = 84586C0C1AC26179003CF7E0 /* LaunchScreen.xib */; };
		84586C1A1AC26179003CF7E0 /* KVCandKVOTests.m in Sources */ = {isa = PBXBuildFile; fileRef = 84586C191AC26179003CF7E0 /* KVCandKVOTests.m */; };
		84586C261AC286F7003CF7E0 /* TestViewController.m in Sources */ = {isa = PBXBuildFile; fileRef = 84586C241AC286F7003CF7E0 /* TestViewController.m */; };
		84586C271AC286F7003CF7E0 /* TestViewController.xib in Resources */ = {isa = PBXBuildFile; fileRef = 84586C251AC286F7003CF7E0 /* TestViewController.xib */; };
		84586C2A1AC28971003CF7E0 /* Person.m in Sources */ = {isa = PBXBuildFile; fileRef = 84586C291AC28971003CF7E0 /* Person.m */; };
/* End PBXBuildFile section */

/* Begin PBXContainerItemProxy section */
		84586C141AC26179003CF7E0 /* PBXContainerItemProxy */ = {
			isa = PBXContainerItemProxy;
			containerPortal = 84586BF21AC26179003CF7E0 /* Project object */;
			proxyType = 1;
			remoteGlobalIDString = 84586BF91AC26179003CF7E0;
			remoteInfo = KVCandKVO;
		};
/* End PBXContainerItemProxy section */

/* Begin PBXFileReference section */
		84586BFA1AC26179003CF7E0 /* KVCandKVO.app */ = {isa = PBXFileReference; explicitFileType = wrapper.application; includeInIndex = 0; path = KVCandKVO.app; sourceTree = BUILT_PRODUCTS_DIR; };
		84586BFE1AC26179003CF7E0 /* Info.plist */ = {isa = PBXFileReference; lastKnownFileType = text.plist.xml; path = Info.plist; sourceTree = "<group>"; };
		84586BFF1AC26179003CF7E0 /* main.m */ = {isa = PBXFileReference; lastKnownFileType = sourcecode.c.objc; path = main.m; sourceTree = "<group>"; };
		84586C011AC26179003CF7E0 /* AppDelegate.h */ = {isa = PBXFileReference; lastKnownFileType = sourcecode.c.h; path = AppDelegate.h; sourceTree = "<group>"; };
		84586C021AC26179003CF7E0 /* AppDelegate.m */ = {isa = PBXFileReference; lastKnownFileType = sourcecode.c.objc; path = AppDelegate.m; sourceTree = "<group>"; };
		84586C051AC26179003CF7E0 /* KVCandKVO.xcdatamodel */ = {isa = PBXFileReference; lastKnownFileType = wrapper.xcdatamodel; path = KVCandKVO.xcdatamodel; sourceTree = "<group>"; };
		84586C0A1AC26179003CF7E0 /* Images.xcassets */ = {isa = PBXFileReference; lastKnownFileType = folder.assetcatalog; path = Images.xcassets; sourceTree = "<group>"; };
		84586C0D1AC26179003CF7E0 /* Base */ = {isa = PBXFileReference; lastKnownFileType = file.xib; name = Base; path = Base.lproj/LaunchScreen.xib; sourceTree = "<group>"; };
		84586C131AC26179003CF7E0 /* KVCandKVOTests.xctest */ = {isa = PBXFileReference; explicitFileType = wrapper.cfbundle; includeInIndex = 0; path = KVCandKVOTests.xctest; sourceTree = BUILT_PRODUCTS_DIR; };
		84586C181AC26179003CF7E0 /* Info.plist */ = {isa = PBXFileReference; lastKnownFileType = text.plist.xml; path = Info.plist; sourceTree = "<group>"; };
		84586C191AC26179003CF7E0 /* KVCandKVOTests.m */ = {isa = PBXFileReference; lastKnownFileType = sourcecode.c.objc; path = KVCandKVOTests.m; sourceTree = "<group>"; };
		84586C231AC286F7003CF7E0 /* TestViewController.h */ = {isa = PBXFileReference; fileEncoding = 4; lastKnownFileType = sourcecode.c.h; name = TestViewController.h; path = ../TestViewController.h; sourceTree = "<group>"; };
		84586C241AC286F7003CF7E0 /* TestViewController.m */ = {isa = PBXFileReference; fileEncoding = 4; lastKnownFileType = sourcecode.c.objc; name = TestViewController.m; path = ../TestViewController.m; sourceTree = "<group>"; };
		84586C251AC286F7003CF7E0 /* TestViewController.xib */ = {isa = PBXFileReference; fileEncoding = 4; lastKnownFileType = file.xib; name = TestViewController.xib; path = ../TestViewController.xib; sourceTree = "<group>"; };
		84586C281AC28971003CF7E0 /* Person.h */ = {isa = PBXFileReference; fileEncoding = 4; lastKnownFileType = sourcecode.c.h; path = Person.h; sourceTree = "<group>"; };
		84586C291AC28971003CF7E0 /* Person.m */ = {isa = PBXFileReference; fileEncoding = 4; lastKnownFileType = sourcecode.c.objc; path = Person.m; sourceTree = "<group>"; };
/* End PBXFileReference section */

/* Begin PBXFrameworksBuildPhase section */
		84586BF71AC26179003CF7E0 /* Frameworks */ = {
			isa = PBXFrameworksBuildPhase;
			buildActionMask = 2147483647;
			files = (
			);
			runOnlyForDeploymentPostprocessing = 0;
		};
		84586C101AC26179003CF7E0 /* Frameworks */ = {
			isa = PBXFrameworksBuildPhase;
			buildActionMask = 2147483647;
			files = (
			);
			runOnlyForDeploymentPostprocessing = 0;
		};
/* End PBXFrameworksBuildPhase section */

/* Begin PBXGroup section */
		84586BF11AC26179003CF7E0 = {
			isa = PBXGroup;
			children = (
				84586BFC1AC26179003CF7E0 /* KVCandKVO */,
				84586C161AC26179003CF7E0 /* KVCandKVOTests */,
				84586BFB1AC26179003CF7E0 /* Products */,
			);
			sourceTree = "<group>";
		};
		84586BFB1AC26179003CF7E0 /* Products */ = {
			isa = PBXGroup;
			children = (
				84586BFA1AC26179003CF7E0 /* KVCandKVO.app */,
				84586C131AC26179003CF7E0 /* KVCandKVOTests.xctest */,
			);
			name = Products;
			sourceTree = "<group>";
		};
		84586BFC1AC26179003CF7E0 /* KVCandKVO */ = {
			isa = PBXGroup;
			children = (
				84586C231AC286F7003CF7E0 /* TestViewController.h */,
				84586C241AC286F7003CF7E0 /* TestViewController.m */,
				84586C251AC286F7003CF7E0 /* TestViewController.xib */,
				84586C011AC26179003CF7E0 /* AppDelegate.h */,
				84586C021AC26179003CF7E0 /* AppDelegate.m */,
				84586C281AC28971003CF7E0 /* Person.h */,
				84586C291AC28971003CF7E0 /* Person.m */,
				84586C0A1AC26179003CF7E0 /* Images.xcassets */,
				84586C0C1AC26179003CF7E0 /* LaunchScreen.xib */,
				84586C041AC26179003CF7E0 /* KVCandKVO.xcdatamodeld */,
				84586BFD1AC26179003CF7E0 /* Supporting Files */,
			);
			path = KVCandKVO;
			sourceTree = "<group>";
		};
		84586BFD1AC26179003CF7E0 /* Supporting Files */ = {
			isa = PBXGroup;
			children = (
				84586BFE1AC26179003CF7E0 /* Info.plist */,
				84586BFF1AC26179003CF7E0 /* main.m */,
			);
			name = "Supporting Files";
			sourceTree = "<group>";
		};
		84586C161AC26179003CF7E0 /* KVCandKVOTests */ = {
			isa = PBXGroup;
			children = (
				84586C191AC26179003CF7E0 /* KVCandKVOTests.m */,
				84586C171AC26179003CF7E0 /* Supporting Files */,
			);
			path = KVCandKVOTests;
			sourceTree = "<group>";
		};
		84586C171AC26179003CF7E0 /* Supporting Files */ = {
			isa = PBXGroup;
			children = (
				84586C181AC26179003CF7E0 /* Info.plist */,
			);
			name = "Supporting Files";
			sourceTree = "<group>";
		};
/* End PBXGroup section */

/* Begin PBXNativeTarget section */
		84586BF91AC26179003CF7E0 /* KVCandKVO */ = {
			isa = PBXNativeTarget;
			buildConfigurationList = 84586C1D1AC26179003CF7E0 /* Build configuration list for PBXNativeTarget "KVCandKVO" */;
			buildPhases = (
				84586BF61AC26179003CF7E0 /* Sources */,
				84586BF71AC26179003CF7E0 /* Frameworks */,
				84586BF81AC26179003CF7E0 /* Resources */,
			);
			buildRules = (
			);
			dependencies = (
			);
			name = KVCandKVO;
			productName = KVCandKVO;
			productReference = 84586BFA1AC26179003CF7E0 /* KVCandKVO.app */;
			productType = "com.apple.product-type.application";
		};
		84586C121AC26179003CF7E0 /* KVCandKVOTests */ = {
			isa = PBXNativeTarget;
			buildConfigurationList = 84586C201AC26179003CF7E0 /* Build configuration list for PBXNativeTarget "KVCandKVOTests" */;
			buildPhases = (
				84586C0F1AC26179003CF7E0 /* Sources */,
				84586C101AC26179003CF7E0 /* Frameworks */,
				84586C111AC26179003CF7E0 /* Resources */,
			);
			buildRules = (
			);
			dependencies = (
				84586C151AC26179003CF7E0 /* PBXTargetDependency */,
			);
			name = KVCandKVOTests;
			productName = KVCandKVOTests;
			productReference = 84586C131AC26179003CF7E0 /* KVCandKVOTests.xctest */;
			productType = "com.apple.product-type.bundle.unit-test";
		};
/* End PBXNativeTarget section */

/* Begin PBXProject section */
		84586BF21AC26179003CF7E0 /* Project object */ = {
			isa = PBXProject;
			attributes = {
				LastUpgradeCheck = 0600;
				ORGANIZATIONNAME = "博文卡特";
				TargetAttributes = {
					84586BF91AC26179003CF7E0 = {
						CreatedOnToolsVersion = 6.0;
					};
					84586C121AC26179003CF7E0 = {
						CreatedOnToolsVersion = 6.0;
						TestTargetID = 84586BF91AC26179003CF7E0;
					};
				};
			};
			buildConfigurationList = 84586BF51AC26179003CF7E0 /* Build configuration list for PBXProject "KVCandKVO" */;
			compatibilityVersion = "Xcode 3.2";
			developmentRegion = English;
			hasScannedForEncodings = 0;
			knownRegions = (
				en,
				Base,
			);
			mainGroup = 84586BF11AC26179003CF7E0;
			productRefGroup = 84586BFB1AC26179003CF7E0 /* Products */;
			projectDirPath = "";
			projectRoot = "";
			targets = (
				84586BF91AC26179003CF7E0 /* KVCandKVO */,
				84586C121AC26179003CF7E0 /* KVCandKVOTests */,
			);
		};
/* End PBXProject section */

/* Begin PBXResourcesBuildPhase section */
		84586BF81AC26179003CF7E0 /* Resources */ = {
			isa = PBXResourcesBuildPhase;
			buildActionMask = 2147483647;
			files = (
				84586C0E1AC26179003CF7E0 /* LaunchScreen.xib in Resources */,
				84586C271AC286F7003CF7E0 /* TestViewController.xib in Resources */,
				84586C0B1AC26179003CF7E0 /* Images.xcassets in Resources */,
			);
			runOnlyForDeploymentPostprocessing = 0;
		};
		84586C111AC26179003CF7E0 /* Resources */ = {
			isa = PBXResourcesBuildPhase;
			buildActionMask = 2147483647;
			files = (
			);
			runOnlyForDeploymentPostprocessing = 0;
		};
/* End PBXResourcesBuildPhase section */

/* Begin PBXSourcesBuildPhase section */
		84586BF61AC26179003CF7E0 /* Sources */ = {
			isa = PBXSourcesBuildPhase;
			buildActionMask = 2147483647;
			files = (
				84586C061AC26179003CF7E0 /* KVCandKVO.xcdatamodeld in Sources */,
				84586C031AC26179003CF7E0 /* AppDelegate.m in Sources */,
				84586C2A1AC28971003CF7E0 /* Person.m in Sources */,
				84586C261AC286F7003CF7E0 /* TestViewController.m in Sources */,
				84586C001AC26179003CF7E0 /* main.m in Sources */,
			);
			runOnlyForDeploymentPostprocessing = 0;
		};
		84586C0F1AC26179003CF7E0 /* Sources */ = {
			isa = PBXSourcesBuildPhase;
			buildActionMask = 2147483647;
			files = (
				84586C1A1AC26179003CF7E0 /* KVCandKVOTests.m in Sources */,
			);
			runOnlyForDeploymentPostprocessing = 0;
		};
/* End PBXSourcesBuildPhase section */

/* Begin PBXTargetDependency section */
		84586C151AC26179003CF7E0 /* PBXTargetDependency */ = {
			isa = PBXTargetDependency;
			target = 84586BF91AC26179003CF7E0 /* KVCandKVO */;
			targetProxy = 84586C141AC26179003CF7E0 /* PBXContainerItemProxy */;
		};
/* End PBXTargetDependency section */

/* Begin PBXVariantGroup section */
		84586C0C1AC26179003CF7E0 /* LaunchScreen.xib */ = {
			isa = PBXVariantGroup;
			children = (
				84586C0D1AC26179003CF7E0 /* Base */,
			);
			name = LaunchScreen.xib;
			sourceTree = "<group>";
		};
/* End PBXVariantGroup section */

/* Begin XCBuildConfiguration section */
		84586C1B1AC26179003CF7E0 /* Debug */ = {
			isa = XCBuildConfiguration;
			buildSettings = {
				ALWAYS_SEARCH_USER_PATHS = NO;
				CLANG_CXX_LANGUAGE_STANDARD = "gnu++0x";
				CLANG_CXX_LIBRARY = "libc++";
				CLANG_ENABLE_MODULES = YES;
				CLANG_ENABLE_OBJC_ARC = YES;
				CLANG_WARN_BOOL_CONVERSION = YES;
				CLANG_WARN_CONSTANT_CONVERSION = YES;
				CLANG_WARN_DIRECT_OBJC_ISA_USAGE = YES_ERROR;
				CLANG_WARN_EMPTY_BODY = YES;
				CLANG_WARN_ENUM_CONVERSION = YES;
				CLANG_WARN_INT_CONVERSION = YES;
				CLANG_WARN_OBJC_ROOT_CLASS = YES_ERROR;
				CLANG_WARN_UNREACHABLE_CODE = YES;
				CLANG_WARN__DUPLICATE_METHOD_MATCH = YES;
				"CODE_SIGN_IDENTITY[sdk=iphoneos*]" = "iPhone Developer";
				COPY_PHASE_STRIP = NO;
				ENABLE_STRICT_OBJC_MSGSEND = YES;
				GCC_C_LANGUAGE_STANDARD = gnu99;
				GCC_DYNAMIC_NO_PIC = NO;
				GCC_OPTIMIZATION_LEVEL = 0;
				GCC_PREPROCESSOR_DEFINITIONS = (
					"DEBUG=1",
					"$(inherited)",
				);
				GCC_SYMBOLS_PRIVATE_EXTERN = NO;
				GCC_WARN_64_TO_32_BIT_CONVERSION = YES;
				GCC_WARN_ABOUT_RETURN_TYPE = YES_ERROR;
				GCC_WARN_UNDECLARED_SELECTOR = YES;
				GCC_WARN_UNINITIALIZED_AUTOS = YES_AGGRESSIVE;
				GCC_WARN_UNUSED_FUNCTION = YES;
				GCC_WARN_UNUSED_VARIABLE = YES;
				IPHONEOS_DEPLOYMENT_TARGET = 8.0;
				MTL_ENABLE_DEBUG_INFO = YES;
				ONLY_ACTIVE_ARCH = YES;
				SDKROOT = iphoneos;
			};
			name = Debug;
		};
		84586C1C1AC26179003CF7E0 /* Release */ = {
			isa = XCBuildConfiguration;
			buildSettings = {
				ALWAYS_SEARCH_USER_PATHS = NO;
				CLANG_CXX_LANGUAGE_STANDARD = "gnu++0x";
				CLANG_CXX_LIBRARY = "libc++";
				CLANG_ENABLE_MODULES = YES;
				CLANG_ENABLE_OBJC_ARC = YES;
				CLANG_WARN_BOOL_CONVERSION = YES;
				CLANG_WARN_CONSTANT_CONVERSION = YES;
				CLANG_WARN_DIRECT_OBJC_ISA_USAGE = YES_ERROR;
				CLANG_WARN_EMPTY_BODY = YES;
				CLANG_WARN_ENUM_CONVERSION = YES;
				CLANG_WARN_INT_CONVERSION = YES;
				CLANG_WARN_OBJC_ROOT_CLASS = YES_ERROR;
				CLANG_WARN_UNREACHABLE_CODE = YES;
				CLANG_WARN__DUPLICATE_METHOD_MATCH = YES;
				"CODE_SIGN_IDENTITY[sdk=iphoneos*]" = "iPhone Developer";
				COPY_PHASE_STRIP = YES;
				ENABLE_NS_ASSERTIONS = NO;
				ENABLE_STRICT_OBJC_MSGSEND = YES;
				GCC_C_LANGUAGE_STANDARD = gnu99;
				GCC_WARN_64_TO_32_BIT_CONVERSION = YES;
				GCC_WARN_ABOUT_RETURN_TYPE = YES_ERROR;
				GCC_WARN_UNDECLARED_SELECTOR = YES;
				GCC_WARN_UNINITIALIZED_AUTOS = YES_AGGRESSIVE;
				GCC_WARN_UNUSED_FUNCTION = YES;
				GCC_WARN_UNUSED_VARIABLE = YES;
				IPHONEOS_DEPLOYMENT_TARGET = 8.0;
				MTL_ENABLE_DEBUG_INFO = NO;
				SDKROOT = iphoneos;
				VALIDATE_PRODUCT = YES;
			};
			name = Release;
		};
		84586C1E1AC26179003CF7E0 /* Debug */ = {
			isa = XCBuildConfiguration;
			buildSettings = {
				ASSETCATALOG_COMPILER_APPICON_NAME = AppIcon;
				INFOPLIST_FILE = KVCandKVO/Info.plist;
				LD_RUNPATH_SEARCH_PATHS = "$(inherited) @executable_path/Frameworks";
				PRODUCT_NAME = "$(TARGET_NAME)";
			};
			name = Debug;
		};
		84586C1F1AC26179003CF7E0 /* Release */ = {
			isa = XCBuildConfiguration;
			buildSettings = {
				ASSETCATALOG_COMPILER_APPICON_NAME = AppIcon;
				INFOPLIST_FILE = KVCandKVO/Info.plist;
				LD_RUNPATH_SEARCH_PATHS = "$(inherited) @executable_path/Frameworks";
				PRODUCT_NAME = "$(TARGET_NAME)";
			};
			name = Release;
		};
		84586C211AC26179003CF7E0 /* Debug */ = {
			isa = XCBuildConfiguration;
			buildSettings = {
				BUNDLE_LOADER = "$(TEST_HOST)";
				FRAMEWORK_SEARCH_PATHS = (
					"$(SDKROOT)/Developer/Library/Frameworks",
					"$(inherited)",
				);
				GCC_PREPROCESSOR_DEFINITIONS = (
					"DEBUG=1",
					"$(inherited)",
				);
				INFOPLIST_FILE = KVCandKVOTests/Info.plist;
				LD_RUNPATH_SEARCH_PATHS = "$(inherited) @executable_path/Frameworks @loader_path/Frameworks";
				PRODUCT_NAME = "$(TARGET_NAME)";
				TEST_HOST = "$(BUILT_PRODUCTS_DIR)/KVCandKVO.app/KVCandKVO";
			};
			name = Debug;
		};
		84586C221AC26179003CF7E0 /* Release */ = {
			isa = XCBuildConfiguration;
			buildSettings = {
				BUNDLE_LOADER = "$(TEST_HOST)";
				FRAMEWORK_SEARCH_PATHS = (
					"$(SDKROOT)/Developer/Library/Frameworks",
					"$(inherited)",
				);
				INFOPLIST_FILE = KVCandKVOTests/Info.plist;
				LD_RUNPATH_SEARCH_PATHS = "$(inherited) @executable_path/Frameworks @loader_path/Frameworks";
				PRODUCT_NAME = "$(TARGET_NAME)";
				TEST_HOST = "$(BUILT_PRODUCTS_DIR)/KVCandKVO.app/KVCandKVO";
			};
			name = Release;
		};
/* End XCBuildConfiguration section */

/* Begin XCConfigurationList section */
		84586BF51AC26179003CF7E0 /* Build configuration list for PBXProject "KVCandKVO" */ = {
			isa = XCConfigurationList;
			buildConfigurations = (
				84586C1B1AC26179003CF7E0 /* Debug */,
				84586C1C1AC26179003CF7E0 /* Release */,
			);
			defaultConfigurationIsVisible = 0;
			defaultConfigurationName = Release;
		};
		84586C1D1AC26179003CF7E0 /* Build configuration list for PBXNativeTarget "KVCandKVO" */ = {
			isa = XCConfigurationList;
			buildConfigurations = (
				84586C1E1AC26179003CF7E0 /* Debug */,
				84586C1F1AC26179003CF7E0 /* Release */,
			);
			defaultConfigurationIsVisible = 0;
		};
		84586C201AC26179003CF7E0 /* Build configuration list for PBXNativeTarget "KVCandKVOTests" */ = {
			isa = XCConfigurationList;
			buildConfigurations = (
				84586C211AC26179003CF7E0 /* Debug */,
				84586C221AC26179003CF7E0 /* Release */,
			);
			defaultConfigurationIsVisible = 0;
		};
/* End XCConfigurationList section */

/* Begin XCVersionGroup section */
		84586C041AC26179003CF7E0 /* KVCandKVO.xcdatamodeld */ = {
			isa = XCVersionGroup;
			children = (
				84586C051AC26179003CF7E0 /* KVCandKVO.xcdatamodel */,
			);
			currentVersion = 84586C051AC26179003CF7E0 /* KVCandKVO.xcdatamodel */;
			path = KVCandKVO.xcdatamodeld;
			sourceTree = "<group>";
			versionGroupType = wrapper.xcdatamodel;
		};
/* End XCVersionGroup section */
	};
	rootObject = 84586BF21AC26179003CF7E0 /* Project object */;
}
